
Microsoft Visual Studio Solution File, Format Version 10.00
# Visual Studio 2008
Project("{FAE04EC0-301F-11D3-BF4B-00C04F79EFBC}") = "BMDevice_New", "BMDevice_New\BMDevice_New.csproj", "{AF180BAC-4BD6-4FDD-B284-5C9750716C10}"
EndProject
Global
	GlobalSection(SolutionConfigurationPlatforms) = preSolution
		Debug|Any CPU = Debug|Any CPU
		Debug|x64 = Debug|x64
		Debug|x86 = Debug|x86
		Release|Any CPU = Release|Any CPU
		Release|x64 = Release|x64
		Release|x86 = Release|x86
	EndGlobalSection
	GlobalSection(ProjectConfigurationPlatforms) = postSolution
		{AF180BAC-4BD6-4FDD-B284-5C9750716C10}.Debug|Any CPU.ActiveCfg = Debug|Any CPU
		{AF180BAC-4BD6-4FDD-B284-5C9750716C10}.Debug|Any CPU.Build.0 = Debug|Any CPU
		{AF180BAC-4BD6-4FDD-B284-5C9750716C10}.Debug|x64.ActiveCfg = Debug|Any CPU
		{AF180BAC-4BD6-4FDD-B284-5C9750716C10}.Debug|x64.Build.0 = Debug|Any CPU
		{AF180BAC-4BD6-4FDD-B284-5C9750716C10}.Debug|x86.ActiveCfg = Debug|x86
		{AF180BAC-4BD6-4FDD-B284-5C9750716C10}.Debug|x86.Build.0 = Debug|x86
		{AF180BAC-4BD6-4FDD-B284-5C9750716C10}.Release|Any CPU.ActiveCfg = Release|Any CPU
		{AF180BAC-4BD6-4FDD-B284-5C9750716C10}.Release|Any CPU.Build.0 = Release|Any CPU
		{AF180BAC-4BD6-4FDD-B284-5C9750716C10}.Release|x64.ActiveCfg = Release|x64
		{AF180BAC-4BD6-4FDD-B284-5C9750716C10}.Release|x64.Build.0 = Release|x64
		{AF180BAC-4BD6-4FDD-B284-5C9750716C10}.Release|x86.ActiveCfg = Release|x86
		{AF180BAC-4BD6-4FDD-B284-5C9750716C10}.Release|x86.Build.0 = Release|x86
	EndGlobalSection
	GlobalSection(SolutionProperties) = preSolution
		HideSolutionNode = FALSE
	EndGlobalSection
EndGlobal
